
Microsoft Visual Studio Solution File, Format Version 12.00
# Visual Studio Version 17
VisualStudioVersion = 17.9.34728.123
MinimumVisualStudioVersion = 10.0.40219.1
Project("{FAE04EC0-301F-11D3-BF4B-00C04F79EFBC}") = "ChatApplicationAPI", "ChatApplicationAPI\ChatApplicationAPI.csproj", "{811DA48A-D774-4312-9547-71DD77585CB0}"
EndProject
Project("{FAE04EC0-301F-11D3-BF4B-00C04F79EFBC}") = "ChatApplicationClient", "ChatApplicationClient\ChatApplicationClient.csproj", "{0DAEDC04-7B53-4B58-A17F-A4C81037436D}"
EndProject
Project("{FAE04EC0-301F-11D3-BF4B-00C04F79EFBC}") = "BaseLibrary", "BaseLibrary\BaseLibrary.csproj", "{31FD24B2-5EA3-458C-9BE5-49FB74EF037F}"
EndProject
Global
	GlobalSection(SolutionConfigurationPlatforms) = preSolution
		Debug|Any CPU = Debug|Any CPU
		Release|Any CPU = Release|Any CPU
	EndGlobalSection
	GlobalSection(ProjectConfigurationPlatforms) = postSolution
		{811DA48A-D774-4312-9547-71DD77585CB0}.Debug|Any CPU.ActiveCfg = Debug|Any CPU
		{811DA48A-D774-4312-9547-71DD77585CB0}.Debug|Any CPU.Build.0 = Debug|Any CPU
		{811DA48A-D774-4312-9547-71DD77585CB0}.Release|Any CPU.ActiveCfg = Release|Any CPU
		{811DA48A-D774-4312-9547-71DD77585CB0}.Release|Any CPU.Build.0 = Release|Any CPU
		{0DAEDC04-7B53-4B58-A17F-A4C81037436D}.Debug|Any CPU.ActiveCfg = Debug|Any CPU
		{0DAEDC04-7B53-4B58-A17F-A4C81037436D}.Debug|Any CPU.Build.0 = Debug|Any CPU
		{0DAEDC04-7B53-4B58-A17F-A4C81037436D}.Release|Any CPU.ActiveCfg = Release|Any CPU
		{0DAEDC04-7B53-4B58-A17F-A4C81037436D}.Release|Any CPU.Build.0 = Release|Any CPU
		{31FD24B2-5EA3-458C-9BE5-49FB74EF037F}.Debug|Any CPU.ActiveCfg = Debug|Any CPU
		{31FD24B2-5EA3-458C-9BE5-49FB74EF037F}.Debug|Any CPU.Build.0 = Debug|Any CPU
		{31FD24B2-5EA3-458C-9BE5-49FB74EF037F}.Release|Any CPU.ActiveCfg = Release|Any CPU
		{31FD24B2-5EA3-458C-9BE5-49FB74EF037F}.Release|Any CPU.Build.0 = Release|Any CPU
	EndGlobalSection
	GlobalSection(SolutionProperties) = preSolution
		HideSolutionNode = FALSE
	EndGlobalSection
	GlobalSection(ExtensibilityGlobals) = postSolution
		SolutionGuid = {C4D85CAD-E09B-4196-937D-367F4439E047}
	EndGlobalSection
EndGlobal
